
Microsoft Visual Studio Solution File, Format Version 12.00
# Visual Studio Version 16
VisualStudioVersion = 16.0.30907.101
MinimumVisualStudioVersion = 10.0.40219.1
Project("{9A19103F-16F7-4668-BE54-9A1E7A4F7556}") = "Polygons", "Polygons\Polygons.csproj", "{B6412D26-1F9B-4A09-8A85-EC8EBB1B8DF9}"
EndProject
Project("{9A19103F-16F7-4668-BE54-9A1E7A4F7556}") = "Polygons.Library", "Polygons.Library\Polygons.Library.csproj", "{A0E2E5F2-FE69-4F5E-84BF-799182F7A2FB}"
EndProject
Global
	GlobalSection(SolutionConfigurationPlatforms) = preSolution
		Debug|Any CPU = Debug|Any CPU
		Release|Any CPU = Release|Any CPU
	EndGlobalSection
	GlobalSection(ProjectConfigurationPlatforms) = postSolution
		{B6412D26-1F9B-4A09-8A85-EC8EBB1B8DF9}.Debug|Any CPU.ActiveCfg = Debug|Any CPU
		{B6412D26-1F9B-4A09-8A85-EC8EBB1B8DF9}.Debug|Any CPU.Build.0 = Debug|Any CPU
		{B6412D26-1F9B-4A09-8A85-EC8EBB1B8DF9}.Release|Any CPU.ActiveCfg = Release|Any CPU
		{B6412D26-1F9B-4A09-8A85-EC8EBB1B8DF9}.Release|Any CPU.Build.0 = Release|Any CPU
		{A0E2E5F2-FE69-4F5E-84BF-799182F7A2FB}.Debug|Any CPU.ActiveCfg = Debug|Any CPU
		{A0E2E5F2-FE69-4F5E-84BF-799182F7A2FB}.Debug|Any CPU.Build.0 = Debug|Any CPU
		{A0E2E5F2-FE69-4F5E-84BF-799182F7A2FB}.Release|Any CPU.ActiveCfg = Release|Any CPU
		{A0E2E5F2-FE69-4F5E-84BF-799182F7A2FB}.Release|Any CPU.Build.0 = Release|Any CPU
	EndGlobalSection
	GlobalSection(SolutionProperties) = preSolution
		HideSolutionNode = FALSE
	EndGlobalSection
	GlobalSection(ExtensibilityGlobals) = postSolution
		SolutionGuid = {90F3C60E-5412-4D80-8DE4-46E87F37C9C1}
	EndGlobalSection
EndGlobal
